{
  "name": "build-docs",
  "version": "1.0.0",
  "lockfileVersion": 2,
  "requires": true,
  "packages": {
    "": {
      "name": "build-docs",
      "version": "1.0.0",
      "license": "MIT",
      "devDependencies": {
        "@types/commonmark": "^0.27.5",
        "@types/node": "^17.0.21",
        "commonmark": "^0.30.0"
      }
    },
    "node_modules/@types/commonmark": {
      "version": "0.27.5",
      "resolved": "https://registry.npmjs.org/@types/commonmark/-/commonmark-0.27.5.tgz",
      "integrity": "sha512-vIqgmHyLsc8Or3EWLz6QkhI8/v61FNeH0yxRupA7VqSbA2eFMoHHJAhZSHudplAV89wqg1CKSmShE016ziRXuw==",
      "dev": true
    },
    "node_modules/@types/node": {
      "version": "17.0.21",
      "resolved": "https://registry.npmjs.org/@types/node/-/node-17.0.21.tgz",
      "integrity": "sha512-DBZCJbhII3r90XbQxI8Y9IjjiiOGlZ0Hr32omXIZvwwZ7p4DMMXGrKXVyPfuoBOri9XNtL0UK69jYIBIsRX3QQ==",
      "dev": true
    },
    "node_modules/commonmark": {
      "version": "0.30.0",
      "resolved": "https://registry.npmjs.org/commonmark/-/commonmark-0.30.0.tgz",
      "integrity": "sha512-j1yoUo4gxPND1JWV9xj5ELih0yMv1iCWDG6eEQIPLSWLxzCXiFoyS7kvB+WwU+tZMf4snwJMMtaubV0laFpiBA==",
      "dev": true,
      "dependencies": {
        "entities": "~2.0",
        "mdurl": "~1.0.1",
        "minimist": ">=1.2.2",
        "string.prototype.repeat": "^0.2.0"
      },
      "bin": {
        "commonmark": "bin/commonmark"
      },
      "engines": {
        "node": "*"
      }
    },
    "node_modules/entities": {
      "version": "2.0.3",
      "resolved": "https://registry.npmjs.org/entities/-/entities-2.0.3.tgz",
      "integrity": "sha512-MyoZ0jgnLvB2X3Lg5HqpFmn1kybDiIfEQmKzTb5apr51Rb+T3KdmMiqa70T+bhGnyv7bQ6WMj2QMHpGMmlrUYQ==",
      "dev": true
    },
    "node_modules/mdurl": {
      "version": "1.0.1",
      "resolved": "https://registry.npmjs.org/mdurl/-/mdurl-1.0.1.tgz",
      "integrity": "sha1-/oWy7HWlkDfyrf7BAP1sYBdhFS4=",
      "dev": true
    },
    "node_modules/minimist": {
      "version": "1.2.5",
      "resolved": "https://registry.npmjs.org/minimist/-/minimist-1.2.5.tgz",
      "integrity": "sha512-FM9nNUYrRBAELZQT3xeZQ7fmMOBg6nWNmJKTcgsJeaLstP/UODVpGsr5OhXhhXg6f+qtJ8uiZ+PUxkDWcgIXLw==",
      "dev": true
    },
    "node_modules/string.prototype.repeat": {
      "version": "0.2.0",
      "resolved": "https://registry.npmjs.org/string.prototype.repeat/-/string.prototype.repeat-0.2.0.tgz",
      "integrity": "sha1-q6Nt4I3O5qWjN9SbLqHaGyj8Ds8=",
      "dev": true
    }
  },
  "dependencies": {
    "@types/commonmark": {
      "version": "0.27.5",
      "resolved": "https://registry.npmjs.org/@types/commonmark/-/commonmark-0.27.5.tgz",
      "integrity": "sha512-vIqgmHyLsc8Or3EWLz6QkhI8/v61FNeH0yxRupA7VqSbA2eFMoHHJAhZSHudplAV89wqg1CKSmShE016ziRXuw==",
      "dev": true
    },
    "@types/node": {
      "version": "17.0.21",
      "resolved": "https://registry.npmjs.org/@types/node/-/node-17.0.21.tgz",
      "integrity": "sha512-DBZCJbhII3r90XbQxI8Y9IjjiiOGlZ0Hr32omXIZvwwZ7p4DMMXGrKXVyPfuoBOri9XNtL0UK69jYIBIsRX3QQ==",
      "dev": true
    },
    "commonmark": {
      "version": "0.30.0",
      "resolved": "https://registry.npmjs.org/commonmark/-/commonmark-0.30.0.tgz",
      "integrity": "sha512-j1yoUo4gxPND1JWV9xj5ELih0yMv1iCWDG6eEQIPLSWLxzCXiFoyS7kvB+WwU+tZMf4snwJMMtaubV0laFpiBA==",
      "dev": true,
      "requires": {
        "entities": "~2.0",
        "mdurl": "~1.0.1",
        "minimist": ">=1.2.2",
        "string.prototype.repeat": "^0.2.0"
      }
    },
    "entities": {
      "version": "2.0.3",
      "resolved": "https://registry.npmjs.org/entities/-/entities-2.0.3.tgz",
      "integrity": "sha512-MyoZ0jgnLvB2X3Lg5HqpFmn1kybDiIfEQmKzTb5apr51Rb+T3KdmMiqa70T+bhGnyv7bQ6WMj2QMHpGMmlrUYQ==",
      "dev": true
    },
    "mdurl": {
      "version": "1.0.1",
      "resolved": "https://registry.npmjs.org/mdurl/-/mdurl-1.0.1.tgz",
      "integrity": "sha1-/oWy7HWlkDfyrf7BAP1sYBdhFS4=",
      "dev": true
    },
    "minimist": {
      "version": "1.2.5",
      "resolved": "https://registry.npmjs.org/minimist/-/minimist-1.2.5.tgz",
      "integrity": "sha512-FM9nNUYrRBAELZQT3xeZQ7fmMOBg6nWNmJKTcgsJeaLstP/UODVpGsr5OhXhhXg6f+qtJ8uiZ+PUxkDWcgIXLw==",
      "dev": true
    },
    "string.prototype.repeat": {
      "version": "0.2.0",
      "resolved": "https://registry.npmjs.org/string.prototype.repeat/-/string.prototype.repeat-0.2.0.tgz",
      "integrity": "sha1-q6Nt4I3O5qWjN9SbLqHaGyj8Ds8=",
      "dev": true
    }
  }
}
